
Microsoft Visual Studio Solution File, Format Version 12.00
#
Project("{FAE04EC0-301F-11D3-BF4B-00C04F79EFBC}") = "PLI", "PLI\PLI.csproj", "{398FEF2F-56DE-4A98-9D57-BE1DE7176CCA}"
EndProject
Project("{FAE04EC0-301F-11D3-BF4B-00C04F79EFBC}") = "DynamicDb", "DynamicDb\DynamicDb.csproj", "{6D97FA53-B120-4582-8AED-6F0543B79068}"
EndProject
Global
	GlobalSection(SolutionConfigurationPlatforms) = preSolution
		Debug|Any CPU = Debug|Any CPU
		Release|Any CPU = Release|Any CPU
	EndGlobalSection
	GlobalSection(ProjectConfigurationPlatforms) = postSolution
		{398FEF2F-56DE-4A98-9D57-BE1DE7176CCA}.Debug|Any CPU.ActiveCfg = Debug|Any CPU
		{398FEF2F-56DE-4A98-9D57-BE1DE7176CCA}.Debug|Any CPU.Build.0 = Debug|Any CPU
		{398FEF2F-56DE-4A98-9D57-BE1DE7176CCA}.Release|Any CPU.ActiveCfg = Release|Any CPU
		{398FEF2F-56DE-4A98-9D57-BE1DE7176CCA}.Release|Any CPU.Build.0 = Release|Any CPU
		{6D97FA53-B120-4582-8AED-6F0543B79068}.Debug|Any CPU.ActiveCfg = Debug|Any CPU
		{6D97FA53-B120-4582-8AED-6F0543B79068}.Debug|Any CPU.Build.0 = Debug|Any CPU
		{6D97FA53-B120-4582-8AED-6F0543B79068}.Release|Any CPU.ActiveCfg = Release|Any CPU
		{6D97FA53-B120-4582-8AED-6F0543B79068}.Release|Any CPU.Build.0 = Release|Any CPU
	EndGlobalSection
EndGlobal
